
Microsoft Visual Studio Solution File, Format Version 12.00
# Visual Studio Version 17
VisualStudioVersion = 17.3.32825.248
MinimumVisualStudioVersion = 10.0.40219.1
Project("{888888A0-9F3D-457C-B088-3A5042F75D52}") = "TARgv22", "TARgv22\TARgv22.pyproj", "{9141F1A6-10C7-48B6-B207-E112A70E3B6D}"
EndProject
Global
	GlobalSection(SolutionConfigurationPlatforms) = preSolution
		Debug|Any CPU = Debug|Any CPU
		Release|Any CPU = Release|Any CPU
	EndGlobalSection
	GlobalSection(ProjectConfigurationPlatforms) = postSolution
		{9141F1A6-10C7-48B6-B207-E112A70E3B6D}.Debug|Any CPU.ActiveCfg = Debug|Any CPU
		{9141F1A6-10C7-48B6-B207-E112A70E3B6D}.Release|Any CPU.ActiveCfg = Release|Any CPU
	EndGlobalSection
	GlobalSection(SolutionProperties) = preSolution
		HideSolutionNode = FALSE
	EndGlobalSection
	GlobalSection(ExtensibilityGlobals) = postSolution
		SolutionGuid = {F0DE469E-3B39-4F29-82A1-F1DBF7A45401}
	EndGlobalSection
EndGlobal
